PODS:
  - Alamofire (5.0.5)
  - AlamofireImage (4.0.3):
    - Alamofire (< 6.0.0, >= 5.0.2)
  - AlamofireObjectMapper (6.0.0):
    - Alamofire (~> 5.0.0-beta.2)
    - ObjectMapper (~> 3.4)
  - ObjectMapper (3.5.3)
  - Realm (20.0.0):
    - Realm/Headers (= 20.0.0)
  - Realm/Headers (20.0.0)
  - RealmSwift (20.0.0):
    - Realm (= 20.0.0)

DEPENDENCIES:
  - Alamofire
  - AlamofireImage
  - AlamofireObjectMapper
  - RealmSwift

SPEC REPOS:
  trunk:
    - Alamofire
    - AlamofireImage
    - AlamofireObjectMapper
    - ObjectMapper
    - Realm
    - RealmSwift

SPEC CHECKSUMS:
  Alamofire: df2f8f826963b08b9a870791ad48e07a10090b2e
  AlamofireImage: 3d1a2010519e58675318735580eb856e88840ff7
  AlamofireObjectMapper: 8cf0e01a1b36b485877033f8f6aa733977488da3
  ObjectMapper: 97111c97e054a6ee25917662106689f0b4127b37
  Realm: a799b5f9145623fb0bfe149fe81422863631dd0f
  RealmSwift: f8c4354ebd5053343e6ab9f4eda244145308a51e

PODFILE CHECKSUM: 9692200c3ae7e2763f7d628ded175c30abfd6e12

COCOAPODS: 1.11.3
